
Microsoft Visual Studio Solution File, Format Version 12.00
# Visual Studio Version 17
VisualStudioVersion = 17.9.34728.123
MinimumVisualStudioVersion = 10.0.40219.1
Project("{9A19103F-16F7-4668-BE54-9A1E7A4F7556}") = "GetPdfFiles", "GetPdfFiles.csproj", "{454FCB46-A2A7-40C9-9F4F-E1F620AB39AE}"
EndProject
Project("{9A19103F-16F7-4668-BE54-9A1E7A4F7556}") = "Doc2PdfApi", "..\DatabaseGeneric\Doc2PdfApi.csproj", "{C81DC069-E6FA-4708-BAED-EE5AE222F3A8}"
EndProject
Project("{9A19103F-16F7-4668-BE54-9A1E7A4F7556}") = "Doc2PdfApiDBSpecific", "..\DatabaseSpecific\Doc2PdfApiDBSpecific.csproj", "{5F10B2C8-F7EB-426A-B29B-9BBB9A06F284}"
EndProject
Project("{9A19103F-16F7-4668-BE54-9A1E7A4F7556}") = "Dtos", "..\Dtos\Dtos.csproj", "{7CC8D269-A5E4-4D52-BC17-B8F592D66782}"
EndProject
Project("{9A19103F-16F7-4668-BE54-9A1E7A4F7556}") = "Dtos.Persistence", "..\Dtos.Persistence\Dtos.Persistence.csproj", "{DCBD68CF-2883-4A26-BFC9-6E9415ED2D3C}"
EndProject
Global
	GlobalSection(SolutionConfigurationPlatforms) = preSolution
		Debug|Any CPU = Debug|Any CPU
		Release|Any CPU = Release|Any CPU
	EndGlobalSection
	GlobalSection(ProjectConfigurationPlatforms) = postSolution
		{454FCB46-A2A7-40C9-9F4F-E1F620AB39AE}.Debug|Any CPU.ActiveCfg = Debug|Any CPU
		{454FCB46-A2A7-40C9-9F4F-E1F620AB39AE}.Debug|Any CPU.Build.0 = Debug|Any CPU
		{454FCB46-A2A7-40C9-9F4F-E1F620AB39AE}.Release|Any CPU.ActiveCfg = Release|Any CPU
		{454FCB46-A2A7-40C9-9F4F-E1F620AB39AE}.Release|Any CPU.Build.0 = Release|Any CPU
		{C81DC069-E6FA-4708-BAED-EE5AE222F3A8}.Debug|Any CPU.ActiveCfg = Debug|Any CPU
		{C81DC069-E6FA-4708-BAED-EE5AE222F3A8}.Debug|Any CPU.Build.0 = Debug|Any CPU
		{C81DC069-E6FA-4708-BAED-EE5AE222F3A8}.Release|Any CPU.ActiveCfg = Release|Any CPU
		{C81DC069-E6FA-4708-BAED-EE5AE222F3A8}.Release|Any CPU.Build.0 = Release|Any CPU
		{5F10B2C8-F7EB-426A-B29B-9BBB9A06F284}.Debug|Any CPU.ActiveCfg = Debug|Any CPU
		{5F10B2C8-F7EB-426A-B29B-9BBB9A06F284}.Debug|Any CPU.Build.0 = Debug|Any CPU
		{5F10B2C8-F7EB-426A-B29B-9BBB9A06F284}.Release|Any CPU.ActiveCfg = Release|Any CPU
		{5F10B2C8-F7EB-426A-B29B-9BBB9A06F284}.Release|Any CPU.Build.0 = Release|Any CPU
		{7CC8D269-A5E4-4D52-BC17-B8F592D66782}.Debug|Any CPU.ActiveCfg = Debug|Any CPU
		{7CC8D269-A5E4-4D52-BC17-B8F592D66782}.Debug|Any CPU.Build.0 = Debug|Any CPU
		{7CC8D269-A5E4-4D52-BC17-B8F592D66782}.Release|Any CPU.ActiveCfg = Release|Any CPU
		{7CC8D269-A5E4-4D52-BC17-B8F592D66782}.Release|Any CPU.Build.0 = Release|Any CPU
		{DCBD68CF-2883-4A26-BFC9-6E9415ED2D3C}.Debug|Any CPU.ActiveCfg = Debug|Any CPU
		{DCBD68CF-2883-4A26-BFC9-6E9415ED2D3C}.Debug|Any CPU.Build.0 = Debug|Any CPU
		{DCBD68CF-2883-4A26-BFC9-6E9415ED2D3C}.Release|Any CPU.ActiveCfg = Release|Any CPU
		{DCBD68CF-2883-4A26-BFC9-6E9415ED2D3C}.Release|Any CPU.Build.0 = Release|Any CPU
	EndGlobalSection
	GlobalSection(SolutionProperties) = preSolution
		HideSolutionNode = FALSE
	EndGlobalSection
	GlobalSection(ExtensibilityGlobals) = postSolution
		SolutionGuid = {DC9D1AFC-B1C2-4646-818D-A70B5FD8B6D4}
	EndGlobalSection
EndGlobal
