
Microsoft Visual Studio Solution File, Format Version 12.00
# Visual Studio Version 17
VisualStudioVersion = 17.9.34728.123
MinimumVisualStudioVersion = 10.0.40219.1
Project("{FAE04EC0-301F-11D3-BF4B-00C04F79EFBC}") = "Doc2Pdf", "Doc2Pdf.csproj", "{0BAC1206-98E8-4E6C-8D78-536C8792350B}"
EndProject
Project("{9A19103F-16F7-4668-BE54-9A1E7A4F7556}") = "Doc2PdfApi", "..\DatabaseGeneric\Doc2PdfApi.csproj", "{6AE1CC8C-B371-4450-BB3C-6A4212717D0A}"
EndProject
Project("{9A19103F-16F7-4668-BE54-9A1E7A4F7556}") = "Doc2PdfApiDBSpecific", "..\DatabaseSpecific\Doc2PdfApiDBSpecific.csproj", "{C634E0FE-8EE0-4DC4-9F8F-87309E06F79A}"
EndProject
Project("{9A19103F-16F7-4668-BE54-9A1E7A4F7556}") = "Dtos", "..\Dtos\Dtos.csproj", "{F33CF19D-5413-4BF0-928D-307F5536EA9B}"
EndProject
Project("{9A19103F-16F7-4668-BE54-9A1E7A4F7556}") = "Dtos.Persistence", "..\Dtos.Persistence\Dtos.Persistence.csproj", "{10A0839A-2D21-4AC7-AEBE-BED8FE48CC7C}"
EndProject
Global
	GlobalSection(SolutionConfigurationPlatforms) = preSolution
		Debug|Any CPU = Debug|Any CPU
		Release|Any CPU = Release|Any CPU
	EndGlobalSection
	GlobalSection(ProjectConfigurationPlatforms) = postSolution
		{0BAC1206-98E8-4E6C-8D78-536C8792350B}.Debug|Any CPU.ActiveCfg = Debug|Any CPU
		{0BAC1206-98E8-4E6C-8D78-536C8792350B}.Debug|Any CPU.Build.0 = Debug|Any CPU
		{0BAC1206-98E8-4E6C-8D78-536C8792350B}.Release|Any CPU.ActiveCfg = Release|Any CPU
		{0BAC1206-98E8-4E6C-8D78-536C8792350B}.Release|Any CPU.Build.0 = Release|Any CPU
		{6AE1CC8C-B371-4450-BB3C-6A4212717D0A}.Debug|Any CPU.ActiveCfg = Debug|Any CPU
		{6AE1CC8C-B371-4450-BB3C-6A4212717D0A}.Debug|Any CPU.Build.0 = Debug|Any CPU
		{6AE1CC8C-B371-4450-BB3C-6A4212717D0A}.Release|Any CPU.ActiveCfg = Release|Any CPU
		{6AE1CC8C-B371-4450-BB3C-6A4212717D0A}.Release|Any CPU.Build.0 = Release|Any CPU
		{C634E0FE-8EE0-4DC4-9F8F-87309E06F79A}.Debug|Any CPU.ActiveCfg = Debug|Any CPU
		{C634E0FE-8EE0-4DC4-9F8F-87309E06F79A}.Debug|Any CPU.Build.0 = Debug|Any CPU
		{C634E0FE-8EE0-4DC4-9F8F-87309E06F79A}.Release|Any CPU.ActiveCfg = Release|Any CPU
		{C634E0FE-8EE0-4DC4-9F8F-87309E06F79A}.Release|Any CPU.Build.0 = Release|Any CPU
		{F33CF19D-5413-4BF0-928D-307F5536EA9B}.Debug|Any CPU.ActiveCfg = Debug|Any CPU
		{F33CF19D-5413-4BF0-928D-307F5536EA9B}.Debug|Any CPU.Build.0 = Debug|Any CPU
		{F33CF19D-5413-4BF0-928D-307F5536EA9B}.Release|Any CPU.ActiveCfg = Release|Any CPU
		{F33CF19D-5413-4BF0-928D-307F5536EA9B}.Release|Any CPU.Build.0 = Release|Any CPU
		{10A0839A-2D21-4AC7-AEBE-BED8FE48CC7C}.Debug|Any CPU.ActiveCfg = Debug|Any CPU
		{10A0839A-2D21-4AC7-AEBE-BED8FE48CC7C}.Debug|Any CPU.Build.0 = Debug|Any CPU
		{10A0839A-2D21-4AC7-AEBE-BED8FE48CC7C}.Release|Any CPU.ActiveCfg = Release|Any CPU
		{10A0839A-2D21-4AC7-AEBE-BED8FE48CC7C}.Release|Any CPU.Build.0 = Release|Any CPU
	EndGlobalSection
	GlobalSection(SolutionProperties) = preSolution
		HideSolutionNode = FALSE
	EndGlobalSection
	GlobalSection(ExtensibilityGlobals) = postSolution
		SolutionGuid = {F6CFEB71-2250-4A91-A333-6E478C1E2C30}
	EndGlobalSection
EndGlobal
